// !$*UTF8*$!
{
	archiveVersion = 1;
	classes = {
	};
	objectVersion = 48;
	objects = {

/* Begin PBXBuildFile section */
		1CCC6A6D20FF197D008AC6A2 /* AppDelegate.m in Sources */ = {isa = PBXBuildFile; fileRef = 1CCC6A6C20FF197D008AC6A2 /* AppDelegate.m */; };
		1CCC6A7020FF197D008AC6A2 /* ViewController.m in Sources */ = {isa = PBXBuildFile; fileRef = 1CCC6A6F20FF197D008AC6A2 /* ViewController.m */; };
		1CCC6A7320FF197D008AC6A2 /* Main.storyboard in Resources */ = {isa = PBXBuildFile; fileRef = 1CCC6A7120FF197D008AC6A2 /* Main.storyboard */; };
		1CCC6A7520FF197D008AC6A2 /* Assets.xcassets in Resources */ = {isa = PBXBuildFile; fileRef = 1CCC6A7420FF197D008AC6A2 /* Assets.xcassets */; };
		1CCC6A7820FF197D008AC6A2 /* LaunchScreen.storyboard in Resources */ = {isa = PBXBuildFile; fileRef = 1CCC6A7620FF197D008AC6A2 /* LaunchScreen.storyboard */; };
		1CCC6A7B20FF197D008AC6A2 /* main.m in Sources */ = {isa = PBXBuildFile; fileRef = 1CCC6A7A20FF197D008AC6A2 /* main.m */; };
/* End PBXBuildFile section */

/* Begin PBXFileReference section */
		1CCC6A6820FF197D008AC6A2 /* KVO_demo.app */ = {isa = PBXFileReference; explicitFileType = wrapper.application; includeInIndex = 0; path = KVO_demo.app; sourceTree = BUILT_PRODUCTS_DIR; };
		1CCC6A6B20FF197D008AC6A2 /* AppDelegate.h */ = {isa = PBXFileReference; lastKnownFileType = sourcecode.c.h; path = AppDelegate.h; sourceTree = "<group>"; };
		1CCC6A6C20FF197D008AC6A2 /* AppDelegate.m */ = {isa = PBXFileReference; lastKnownFileType = sourcecode.c.objc; path = AppDelegate.m; sourceTree = "<group>"; };
		1CCC6A6E20FF197D008AC6A2 /* ViewController.h */ = {isa = PBXFileReference; lastKnownFileType = sourcecode.c.h; path = ViewController.h; sourceTree = "<group>"; };
		1CCC6A6F20FF197D008AC6A2 /* ViewController.m */ = {isa = PBXFileReference; lastKnownFileType = sourcecode.c.objc; path = ViewController.m; sourceTree = "<group>"; };
		1CCC6A7220FF197D008AC6A2 /* Base */ = {isa = PBXFileReference; lastKnownFileType = file.storyboard; name = Base; path = Base.lproj/Main.storyboard; sourceTree = "<group>"; };
		1CCC6A7420FF197D008AC6A2 /* Assets.xcassets */ = {isa = PBXFileReference; lastKnownFileType = folder.assetcatalog; path = Assets.xcassets; sourceTree = "<group>"; };
		1CCC6A7720FF197D008AC6A2 /* Base */ = {isa = PBXFileReference; lastKnownFileType = file.storyboard; name = Base; path = Base.lproj/LaunchScreen.storyboard; sourceTree = "<group>"; };
		1CCC6A7920FF197D008AC6A2 /* Info.plist */ = {isa = PBXFileReference; lastKnownFileType = text.plist.xml; path = Info.plist; sourceTree = "<group>"; };
		1CCC6A7A20FF197D008AC6A2 /* main.m */ = {isa = PBXFileReference; lastKnownFileType = sourcecode.c.objc; path = main.m; sourceTree = "<group>"; };
/* End PBXFileReference section */

/* Begin PBXFrameworksBuildPhase section */
		1CCC6A6520FF197D008AC6A2 /* Frameworks */ = {
			isa = PBXFrameworksBuildPhase;
			buildActionMask = 2147483647;
			files = (
			);
			runOnlyForDeploymentPostprocessing = 0;
		};
/* End PBXFrameworksBuildPhase section */

/* Begin PBXGroup section */
		1CCC6A5F20FF197D008AC6A2 = {
			isa = PBXGroup;
			children = (
				1CCC6A6A20FF197D008AC6A2 /* KVO_demo */,
				1CCC6A6920FF197D008AC6A2 /* Products */,
			);
			sourceTree = "<group>";
		};
		1CCC6A6920FF197D008AC6A2 /* Products */ = {
			isa = PBXGroup;
			children = (
				1CCC6A6820FF197D008AC6A2 /* KVO_demo.app */,
			);
			name = Products;
			sourceTree = "<group>";
		};
		1CCC6A6A20FF197D008AC6A2 /* KVO_demo */ = {
			isa = PBXGroup;
			children = (
				1CCC6A6B20FF197D008AC6A2 /* AppDelegate.h */,
				1CCC6A6C20FF197D008AC6A2 /* AppDelegate.m */,
				1CCC6A6E20FF197D008AC6A2 /* ViewController.h */,
				1CCC6A6F20FF197D008AC6A2 /* ViewController.m */,
				1CCC6A7120FF197D008AC6A2 /* Main.storyboard */,
				1CCC6A7420FF197D008AC6A2 /* Assets.xcassets */,
				1CCC6A7620FF197D008AC6A2 /* LaunchScreen.storyboard */,
				1CCC6A7920FF197D008AC6A2 /* Info.plist */,
				1CCC6A7A20FF197D008AC6A2 /* main.m */,
			);
			path = KVO_demo;
			sourceTree = "<group>";
		};
/* End PBXGroup section */

/* Begin PBXNativeTarget section */
		1CCC6A6720FF197D008AC6A2 /* KVO_demo */ = {
			isa = PBXNativeTarget;
			buildConfigurationList = 1CCC6A7E20FF197D008AC6A2 /* Build configuration list for PBXNativeTarget "KVO_demo" */;
			buildPhases = (
				1CCC6A6420FF197D008AC6A2 /* Sources */,
				1CCC6A6520FF197D008AC6A2 /* Frameworks */,
				1CCC6A6620FF197D008AC6A2 /* Resources */,
			);
			buildRules = (
			);
			dependencies = (
			);
			name = KVO_demo;
			productName = KVO_demo;
			productReference = 1CCC6A6820FF197D008AC6A2 /* KVO_demo.app */;
			productType = "com.apple.product-type.application";
		};
/* End PBXNativeTarget section */

/* Begin PBXProject section */
		1CCC6A6020FF197D008AC6A2 /* Project object */ = {
			isa = PBXProject;
			attributes = {
				LastUpgradeCheck = 0920;
				ORGANIZATIONNAME = tqUDown;
				TargetAttributes = {
					1CCC6A6720FF197D008AC6A2 = {
						CreatedOnToolsVersion = 9.2;
						ProvisioningStyle = Automatic;
					};
				};
			};
			buildConfigurationList = 1CCC6A6320FF197D008AC6A2 /* Build configuration list for PBXProject "KVO_demo" */;
			compatibilityVersion = "Xcode 8.0";
			developmentRegion = en;
			hasScannedForEncodings = 0;
			knownRegions = (
				en,
				Base,
			);
			mainGroup = 1CCC6A5F20FF197D008AC6A2;
			productRefGroup = 1CCC6A6920FF197D008AC6A2 /* Products */;
			projectDirPath = "";
			projectRoot = "";
			targets = (
				1CCC6A6720FF197D008AC6A2 /* KVO_demo */,
			);
		};
/* End PBXProject section */

/* Begin PBXResourcesBuildPhase section */
		1CCC6A6620FF197D008AC6A2 /* Resources */ = {
			isa = PBXResourcesBuildPhase;
			buildActionMask = 2147483647;
			files = (
				1CCC6A7820FF197D008AC6A2 /* LaunchScreen.storyboard in Resources */,
				1CCC6A7520FF197D008AC6A2 /* Assets.xcassets in Resources */,
				1CCC6A7320FF197D008AC6A2 /* Main.storyboard in Resources */,
			);
			runOnlyForDeploymentPostprocessing = 0;
		};
/* End PBXResourcesBuildPhase section */

/* Begin PBXSourcesBuildPhase section */
		1CCC6A6420FF197D008AC6A2 /* Sources */ = {
			isa = PBXSourcesBuildPhase;
			buildActionMask = 2147483647;
			files = (
				1CCC6A7020FF197D008AC6A2 /* ViewController.m in Sources */,
				1CCC6A7B20FF197D008AC6A2 /* main.m in Sources */,
				1CCC6A6D20FF197D008AC6A2 /* AppDelegate.m in Sources */,
			);
			runOnlyForDeploymentPostprocessing = 0;
		};
/* End PBXSourcesBuildPhase section */

/* Begin PBXVariantGroup section */
		1CCC6A7120FF197D008AC6A2 /* Main.storyboard */ = {
			isa = PBXVariantGroup;
			children = (
				1CCC6A7220FF197D008AC6A2 /* Base */,
			);
			name = Main.storyboard;
			sourceTree = "<group>";
		};
		1CCC6A7620FF197D008AC6A2 /* LaunchScreen.storyboard */ = {
			isa = PBXVariantGroup;
			children = (
				1CCC6A7720FF197D008AC6A2 /* Base */,
			);
			name = LaunchScreen.storyboard;
			sourceTree = "<group>";
		};
/* End PBXVariantGroup section */

/* Begin XCBuildConfiguration section */
		1CCC6A7C20FF197D008AC6A2 /* Debug */ = {
			isa = XCBuildConfiguration;
			buildSettings = {
				ALWAYS_SEARCH_USER_PATHS = NO;
				CLANG_ANALYZER_NONNULL = YES;
				CLANG_ANALYZER_NUMBER_OBJECT_CONVERSION = YES_AGGRESSIVE;
				CLANG_CXX_LANGUAGE_STANDARD = "gnu++14";
				CLANG_CXX_LIBRARY = "libc++";
				CLANG_ENABLE_MODULES = YES;
				CLANG_ENABLE_OBJC_ARC = YES;
				CLANG_WARN_BLOCK_CAPTURE_AUTORELEASING = YES;
				CLANG_WARN_BOOL_CONVERSION = YES;
				CLANG_WARN_COMMA = YES;
				CLANG_WARN_CONSTANT_CONVERSION = YES;
				CLANG_WARN_DIRECT_OBJC_ISA_USAGE = YES_ERROR;
				CLANG_WARN_DOCUMENTATION_COMMENTS = YES;
				CLANG_WARN_EMPTY_BODY = YES;
				CLANG_WARN_ENUM_CONVERSION = YES;
				CLANG_WARN_INFINITE_RECURSION = YES;
				CLANG_WARN_INT_CONVERSION = YES;
				CLANG_WARN_NON_LITERAL_NULL_CONVERSION = YES;
				CLANG_WARN_OBJC_LITERAL_CONVERSION = YES;
				CLANG_WARN_OBJC_ROOT_CLASS = YES_ERROR;
				CLANG_WARN_RANGE_LOOP_ANALYSIS = YES;
				CLANG_WARN_STRICT_PROTOTYPES = YES;
				CLANG_WARN_SUSPICIOUS_MOVE = YES;
				CLANG_WARN_UNGUARDED_AVAILABILITY = YES_AGGRESSIVE;
				CLANG_WARN_UNREACHABLE_CODE = YES;
				CLANG_WARN__DUPLICATE_METHOD_MATCH = YES;
				CODE_SIGN_IDENTITY = "iPhone Developer";
				COPY_PHASE_STRIP = NO;
				DEBUG_INFORMATION_FORMAT = dwarf;
				ENABLE_STRICT_OBJC_MSGSEND = YES;
				ENABLE_TESTABILITY = YES;
				GCC_C_LANGUAGE_STANDARD = gnu11;
				GCC_DYNAMIC_NO_PIC = NO;
				GCC_NO_COMMON_BLOCKS = YES;
				GCC_OPTIMIZATION_LEVEL = 0;
				GCC_PREPROCESSOR_DEFINITIONS = (
					"DEBUG=1",
					"$(inherited)",
				);
				GCC_WARN_64_TO_32_BIT_CONVERSION = YES;
				GCC_WARN_ABOUT_RETURN_TYPE = YES_ERROR;
				GCC_WARN_UNDECLARED_SELECTOR = YES;
				GCC_WARN_UNINITIALIZED_AUTOS = YES_AGGRESSIVE;
				GCC_WARN_UNUSED_FUNCTION = YES;
				GCC_WARN_UNUSED_VARIABLE = YES;
				IPHONEOS_DEPLOYMENT_TARGET = 11.2;
				MTL_ENABLE_DEBUG_INFO = YES;
				ONLY_ACTIVE_ARCH = YES;
				SDKROOT = iphoneos;
			};
			name = Debug;
		};
		1CCC6A7D20FF197D008AC6A2 /* Release */ = {
			isa = XCBuildConfiguration;
			buildSettings = {
				ALWAYS_SEARCH_USER_PATHS = NO;
				CLANG_ANALYZER_NONNULL = YES;
				CLANG_ANALYZER_NUMBER_OBJECT_CONVERSION = YES_AGGRESSIVE;
				CLANG_CXX_LANGUAGE_STANDARD = "gnu++14";
				CLANG_CXX_LIBRARY = "libc++";
				CLANG_ENABLE_MODULES = YES;
				CLANG_ENABLE_OBJC_ARC = YES;
				CLANG_WARN_BLOCK_CAPTURE_AUTORELEASING = YES;
				CLANG_WARN_BOOL_CONVERSION = YES;
				CLANG_WARN_COMMA = YES;
				CLANG_WARN_CONSTANT_CONVERSION = YES;
				CLANG_WARN_DIRECT_OBJC_ISA_USAGE = YES_ERROR;
				CLANG_WARN_DOCUMENTATION_COMMENTS = YES;
				CLANG_WARN_EMPTY_BODY = YES;
				CLANG_WARN_ENUM_CONVERSION = YES;
				CLANG_WARN_INFINITE_RECURSION = YES;
				CLANG_WARN_INT_CONVERSION = YES;
				CLANG_WARN_NON_LITERAL_NULL_CONVERSION = YES;
				CLANG_WARN_OBJC_LITERAL_CONVERSION = YES;
				CLANG_WARN_OBJC_ROOT_CLASS = YES_ERROR;
				CLANG_WARN_RANGE_LOOP_ANALYSIS = YES;
				CLANG_WARN_STRICT_PROTOTYPES = YES;
				CLANG_WARN_SUSPICIOUS_MOVE = YES;
				CLANG_WARN_UNGUARDED_AVAILABILITY = YES_AGGRESSIVE;
				CLANG_WARN_UNREACHABLE_CODE = YES;
				CLANG_WARN__DUPLICATE_METHOD_MATCH = YES;
				CODE_SIGN_IDENTITY = "iPhone Developer";
				COPY_PHASE_STRIP = NO;
				DEBUG_INFORMATION_FORMAT = "dwarf-with-dsym";
				ENABLE_NS_ASSERTIONS = NO;
				ENABLE_STRICT_OBJC_MSGSEND = YES;
				GCC_C_LANGUAGE_STANDARD = gnu11;
				GCC_NO_COMMON_BLOCKS = YES;
				GCC_WARN_64_TO_32_BIT_CONVERSION = YES;
				GCC_WARN_ABOUT_RETURN_TYPE = YES_ERROR;
				GCC_WARN_UNDECLARED_SELECTOR = YES;
				GCC_WARN_UNINITIALIZED_AUTOS = YES_AGGRESSIVE;
				GCC_WARN_UNUSED_FUNCTION = YES;
				GCC_WARN_UNUSED_VARIABLE = YES;
				IPHONEOS_DEPLOYMENT_TARGET = 11.2;
				MTL_ENABLE_DEBUG_INFO = NO;
				SDKROOT = iphoneos;
				VALIDATE_PRODUCT = YES;
			};
			name = Release;
		};
		1CCC6A7F20FF197D008AC6A2 /* Debug */ = {
			isa = XCBuildConfiguration;
			buildSettings = {
				ASSETCATALOG_COMPILER_APPICON_NAME = AppIcon;
				CODE_SIGN_STYLE = Automatic;
				DEVELOPMENT_TEAM = 76JSPN4743;
				INFOPLIST_FILE = KVO_demo/Info.plist;
				LD_RUNPATH_SEARCH_PATHS = "$(inherited) @executable_path/Frameworks";
				PRODUCT_BUNDLE_IDENTIFIER = "com.UDown.KVO-demo";
				PRODUCT_NAME = "$(TARGET_NAME)";
				TARGETED_DEVICE_FAMILY = "1,2";
			};
			name = Debug;
		};
		1CCC6A8020FF197D008AC6A2 /* Release */ = {
			isa = XCBuildConfiguration;
			buildSettings = {
				ASSETCATALOG_COMPILER_APPICON_NAME = AppIcon;
				CODE_SIGN_STYLE = Automatic;
				DEVELOPMENT_TEAM = 76JSPN4743;
				INFOPLIST_FILE = KVO_demo/Info.plist;
				LD_RUNPATH_SEARCH_PATHS = "$(inherited) @executable_path/Frameworks";
				PRODUCT_BUNDLE_IDENTIFIER = "com.UDown.KVO-demo";
				PRODUCT_NAME = "$(TARGET_NAME)";
				TARGETED_DEVICE_FAMILY = "1,2";
			};
			name = Release;
		};
/* End XCBuildConfiguration section */

/* Begin XCConfigurationList section */
		1CCC6A6320FF197D008AC6A2 /* Build configuration list for PBXProject "KVO_demo" */ = {
			isa = XCConfigurationList;
			buildConfigurations = (
				1CCC6A7C20FF197D008AC6A2 /* Debug */,
				1CCC6A7D20FF197D008AC6A2 /* Release */,
			);
			defaultConfigurationIsVisible = 0;
			defaultConfigurationName = Release;
		};
		1CCC6A7E20FF197D008AC6A2 /* Build configuration list for PBXNativeTarget "KVO_demo" */ = {
			isa = XCConfigurationList;
			buildConfigurations = (
				1CCC6A7F20FF197D008AC6A2 /* Debug */,
				1CCC6A8020FF197D008AC6A2 /* Release */,
			);
			defaultConfigurationIsVisible = 0;
			defaultConfigurationName = Release;
		};
/* End XCConfigurationList section */
	};
	rootObject = 1CCC6A6020FF197D008AC6A2 /* Project object */;
}
